
Microsoft Visual Studio Solution File, Format Version 12.00
# Visual Studio Version 16
VisualStudioVersion = 16.0.31702.278
MinimumVisualStudioVersion = 10.0.40219.1
Project("{FAE04EC0-301F-11D3-BF4B-00C04F79EFBC}") = "ApiCriarCatalogoJogos", "ApiCriarCatalogoJogos\ApiCriarCatalogoJogos.csproj", "{06ACF3FF-F89E-42E8-829D-DC8D019A67E1}"
EndProject
Global
	GlobalSection(SolutionConfigurationPlatforms) = preSolution
		Debug|Any CPU = Debug|Any CPU
		Release|Any CPU = Release|Any CPU
	EndGlobalSection
	GlobalSection(ProjectConfigurationPlatforms) = postSolution
		{06ACF3FF-F89E-42E8-829D-DC8D019A67E1}.Debug|Any CPU.ActiveCfg = Debug|Any CPU
		{06ACF3FF-F89E-42E8-829D-DC8D019A67E1}.Debug|Any CPU.Build.0 = Debug|Any CPU
		{06ACF3FF-F89E-42E8-829D-DC8D019A67E1}.Release|Any CPU.ActiveCfg = Release|Any CPU
		{06ACF3FF-F89E-42E8-829D-DC8D019A67E1}.Release|Any CPU.Build.0 = Release|Any CPU
	EndGlobalSection
	GlobalSection(SolutionProperties) = preSolution
		HideSolutionNode = FALSE
	EndGlobalSection
	GlobalSection(ExtensibilityGlobals) = postSolution
		SolutionGuid = {C42BA1CD-4815-4329-A3ED-07C4FB051D9F}
	EndGlobalSection
EndGlobal
